
Microsoft Visual Studio Solution File, Format Version 12.00
# Visual Studio Version 17
VisualStudioVersion = 17.4.33205.214
MinimumVisualStudioVersion = 10.0.40219.1
Project("{FAE04EC0-301F-11D3-BF4B-00C04F79EFBC}") = "TechieShop", "TechieShop\TechieShop.csproj", "{1CA980C8-2B96-4BAA-8499-DC24A092E502}"
EndProject
Global
	GlobalSection(SolutionConfigurationPlatforms) = preSolution
		Debug|Any CPU = Debug|Any CPU
		Release|Any CPU = Release|Any CPU
	EndGlobalSection
	GlobalSection(ProjectConfigurationPlatforms) = postSolution
		{1CA980C8-2B96-4BAA-8499-DC24A092E502}.Debug|Any CPU.ActiveCfg = Debug|Any CPU
		{1CA980C8-2B96-4BAA-8499-DC24A092E502}.Debug|Any CPU.Build.0 = Debug|Any CPU
		{1CA980C8-2B96-4BAA-8499-DC24A092E502}.Release|Any CPU.ActiveCfg = Release|Any CPU
		{1CA980C8-2B96-4BAA-8499-DC24A092E502}.Release|Any CPU.Build.0 = Release|Any CPU
	EndGlobalSection
	GlobalSection(SolutionProperties) = preSolution
		HideSolutionNode = FALSE
	EndGlobalSection
	GlobalSection(ExtensibilityGlobals) = postSolution
		SolutionGuid = {FAAD311E-559D-4F4D-BF9D-00F14488289A}
	EndGlobalSection
EndGlobal
